
Microsoft Visual Studio Solution File, Format Version 12.00
# Visual Studio Version 17
VisualStudioVersion = 17.13.35931.197 d17.13
MinimumVisualStudioVersion = 10.0.40219.1
Project("{FAE04EC0-301F-11D3-BF4B-00C04F79EFBC}") = "RadioButtonControl", "RadioButtonControl\RadioButtonControl.csproj", "{9007A8BA-D46E-48E5-B63A-23B347CFF305}"
EndProject
Global
	GlobalSection(SolutionConfigurationPlatforms) = preSolution
		Debug|Any CPU = Debug|Any CPU
		Release|Any CPU = Release|Any CPU
	EndGlobalSection
	GlobalSection(ProjectConfigurationPlatforms) = postSolution
		{9007A8BA-D46E-48E5-B63A-23B347CFF305}.Debug|Any CPU.ActiveCfg = Debug|Any CPU
		{9007A8BA-D46E-48E5-B63A-23B347CFF305}.Debug|Any CPU.Build.0 = Debug|Any CPU
		{9007A8BA-D46E-48E5-B63A-23B347CFF305}.Release|Any CPU.ActiveCfg = Release|Any CPU
		{9007A8BA-D46E-48E5-B63A-23B347CFF305}.Release|Any CPU.Build.0 = Release|Any CPU
	EndGlobalSection
	GlobalSection(SolutionProperties) = preSolution
		HideSolutionNode = FALSE
	EndGlobalSection
	GlobalSection(ExtensibilityGlobals) = postSolution
		SolutionGuid = {FD69619B-3469-4F3A-8D89-EFE97BBCF101}
	EndGlobalSection
EndGlobal
